Microsoft Visual Studio Solution File, Format Version 11.00
# Visual Studio 2008

Project("{D51F3A97-3DA8-C401-85DF-74091361A1F8}") = "twowaybox", "Assembly-CSharp-firstpass.csproj", "{DFDF2673-EE78-DF69-2E41-DEC50BF490BA}"
EndProject
Project("{D51F3A97-3DA8-C401-85DF-74091361A1F8}") = "twowaybox", "Assembly-Boo.booproj", "{5BA60B18-5A36-F667-533A-EC3F5F5A975E}"
EndProject
Global
	GlobalSection(SolutionConfigurationPlatforms) = preSolution
		Debug|Any CPU = Debug|Any CPU
		Release|Any CPU = Release|Any CPU
	EndGlobalSection
	GlobalSection(ProjectConfigurationPlatforms) = postSolution
		{DFDF2673-EE78-DF69-2E41-DEC50BF490BA}.Debug|Any CPU.ActiveCfg = Debug|Any CPU
		{DFDF2673-EE78-DF69-2E41-DEC50BF490BA}.Debug|Any CPU.Build.0 = Debug|Any CPU
		{DFDF2673-EE78-DF69-2E41-DEC50BF490BA}.Release|Any CPU.ActiveCfg = Release|Any CPU
		{DFDF2673-EE78-DF69-2E41-DEC50BF490BA}.Release|Any CPU.Build.0 = Release|Any CPU
		{5BA60B18-5A36-F667-533A-EC3F5F5A975E}.Debug|Any CPU.ActiveCfg = Debug|Any CPU
		{5BA60B18-5A36-F667-533A-EC3F5F5A975E}.Debug|Any CPU.Build.0 = Debug|Any CPU
		{5BA60B18-5A36-F667-533A-EC3F5F5A975E}.Release|Any CPU.ActiveCfg = Release|Any CPU
		{5BA60B18-5A36-F667-533A-EC3F5F5A975E}.Release|Any CPU.Build.0 = Release|Any CPU
	EndGlobalSection
	GlobalSection(SolutionProperties) = preSolution
		HideSolutionNode = FALSE
	EndGlobalSection
							GlobalSection(MonoDevelopProperties) = preSolution
		StartupItem = Assembly-CSharp.csproj
		Policies = $0
		$0.TextStylePolicy = $1
		$1.inheritsSet = null
		$1.scope = text/x-csharp
		$0.CSharpFormattingPolicy = $2
		$2.inheritsSet = Mono
		$2.inheritsScope = text/x-csharp
		$2.scope = text/x-csharp
		$0.TextStylePolicy = $3
		$3.FileWidth = 120
		$3.TabWidth = 4
		$3.IndentWidth = 4
		$3.EolMarker = Unix
		$3.inheritsSet = Mono
		$3.inheritsScope = text/plain
		$3.scope = text/plain
	EndGlobalSection
EndGlobal
